lockfileVersion: '9.0'

settings:
  autoInstallPeers: true
  excludeLinksFromLockfile: false

importers:

  .:
    dependencies:
      '@codemirror/language':
        specifier: ^6.12.4
        version: 6.12.4
      '@codemirror/state':
        specifier: ^6.7.1
        version: 6.7.1
      '@codemirror/view':
        specifier: ^6.43.9
        version: 6.43.9
      '@lezer/highlight':
        specifier: ^1.2.3
        version: 1.2.3
      typescript:
        specifier: ^5.9.3
        version: 5.9.3
    devDependencies:
      rolldown:
        specifier: ^1.2.4
        version: 1.2.4
      rolldown-plugin-dts:
        specifier: ^0.28.2
        version: 0.28.2(rolldown@1.2.4)(typescript@5.9.3)

packages:

  '@codemirror/language@6.12.4':
    resolution: {integrity: sha512-1q4PaT+o6PbgpkJt4Q8Fv5XJxTy4FUZ4MWETtyiDw3J0Pyr9E2vqcKL+k9wcvjNTIsauxvE7OfmWj3FRPHQ76A==}

  '@codemirror/state@6.7.1':
    resolution: {integrity: sha512-9QzNDgE4EYDnAHfrTlR2lwiPciiOymLtwKK+8yHQzCc7GXhAP9xdEbEJFy2IWB1j9UGUl9BsgMmTo/ImA02T7A==}

  '@codemirror/view@6.43.9':
    resolution: {integrity: sha512-sTuUzTpPMFebRhg6dawChoKKgndIwfjmJgKVxBefPElcU2NwQ6AFroupk0SFqEerQyZOGRfDNnSN8Dw/lMAsXw==}

  '@lezer/common@1.5.2':
    resolution: {integrity: sha512-sxQE460fPZyU3sdc8lafxiPwJHBzZRy/udNFynGQky1SePYBdhkBl1kOagA9uT3pxR8K09bOrmTUqA9wb/PjSQ==}

  '@lezer/highlight@1.2.3':
    resolution: {integrity: sha512-qXdH7UqTvGfdVBINrgKhDsVTJTxactNNxLk7+UMwZhU13lMHaOBlJe9Vqp907ya56Y3+ed2tlqzys7jDkTmW0g==}

  '@lezer/lr@1.4.10':
    resolution: {integrity: sha512-rnCpTIBafOx4mRp43xOxDJbFipJm/c0cia/V5TiGlhmMa+wsSdoGmUN3w5Bqrks/09Q/D4tNAmWaT8p6NRi77A==}

  '@marijn/find-cluster-break@1.0.3':
    resolution: {integrity: sha512-FY+MKLBoTsLNJF/eLWaOsXGdz6uh3Iu1axjPf6TUq92IYumcTcXWHoS747JARLkcdlJ/Waiaxc5wQfFO8jC6NA==}

  '@oxc-project/types@0.144.0':
    resolution: {integrity: sha512-nuhZIOLuI6TFQ32I/WnUx+SCPY7SdSKwgnFHydAuoS1+Z4BRcaP+RRJmGzl9lw+0OFF7UmaESf7KQRXaNLHypg==}

  '@rolldown/binding-android-arm64@1.2.4':
    resolution: {integrity: sha512-jHC2cnyKz5xU2fhECtFl8OZ83cYNt13GZQD+0uMJ/X3o+ijmd56okHhTUwxVSHPx1IRVIJEZ1/1pPzeLCU6XKA==}
    engines: {node: ^20.19.0 || >=22.12.0}
    cpu: [arm64]
    os: [android]

  '@rolldown/binding-darwin-arm64@1.2.4':
    resolution: {integrity: sha512-Dc5mPD8F5F/FS8i01syd7FTF6yB2fVthH/TRkjwJkzUK6EpoxHtqvZQP5Zwq80/5z19TWYHIg1KOHboCgVx/aQ==}
    engines: {node: ^20.19.0 || >=22.12.0}
    cpu: [arm64]
    os: [darwin]

  '@rolldown/binding-darwin-x64@1.2.4':
    resolution: {integrity: sha512-fpDm4oBo6SqLvWUYCmFhdde3U9KH2fRNNMeAnAPAIwxRL345xutL0EtEUcuoxsoazdJGv/MuDBQHlCDrtbvqOg==}
    engines: {node: ^20.19.0 || >=22.12.0}
    cpu: [x64]
    os: [darwin]

  '@rolldown/binding-freebsd-x64@1.2.4':
    resolution: {integrity: sha512-rSJoreDE/HoIzoaib6MTp5jQtCTdMHKIvItAKT/ImS6Y6Ww76oUaeMyp4Vc/fAgd/ehji068IxetHXAnqUwN9A==}
    engines: {node: ^20.19.0 || >=22.12.0}
    cpu: [x64]
    os: [freebsd]

  '@rolldown/binding-linux-arm-gnueabihf@1.2.4':
    resolution: {integrity: sha512-/jm8OGHgn7oGaJu3i/qZI9spUGcJ+y/lk43ttQ/iO1tOd9NissG6o97bighBCiL+BKRngmcDuR6ikfwYdJmVuQ==}
    engines: {node: ^20.19.0 || >=22.12.0}
    cpu: [arm]
    os: [linux]

  '@rolldown/binding-linux-arm64-gnu@1.2.4':
    resolution: {integrity: sha512-tIP06BeD9EqvECBrPZ+sqdPlYrT+aYaAiu1wYziVx5elRK/ftm33JxVDy2bXGbr6J0CrtirCkR87/X5a2euEng==}
    engines: {node: ^20.19.0 || >=22.12.0}
    cpu: [arm64]
    os: [linux]
    libc: [glibc]

  '@rolldown/binding-linux-arm64-musl@1.2.4':
    resolution: {integrity: sha512-Ql1Q0EQqVThvn9VAVlwNzsUvbSFtCMGjLpRRi4pk5i7NZZ4n5ISiLMjHYtus4VQ2PvkSw24zyaCVsiS+sXPj1w==}
    engines: {node: ^20.19.0 || >=22.12.0}
    cpu: [arm64]
    os: [linux]
    libc: [musl]

  '@rolldown/binding-linux-ppc64-gnu@1.2.4':
    resolution: {integrity: sha512-GjbjXD4XXfN19D0LZNbmiCBUoDiRACsYHr0yaIbbn8aFsXjHZifcYqu/W5Er5X2X990WjHXFrxarn5chzItorQ==}
    engines: {node: ^20.19.0 || >=22.12.0}
    cpu: [ppc64]
    os: [linux]
    libc: [glibc]

  '@rolldown/binding-linux-s390x-gnu@1.2.4':
    resolution: {integrity: sha512-p5WR0NOwaRmJ/B1b6IjEFLLivwEsf3PrdBIhRbhTCQisbo2SvHHpG4ELB/+FgQNnB88LTOF86upmJmbvZdQ2lw==}
    engines: {node: ^20.19.0 || >=22.12.0}
    cpu: [s390x]
    os: [linux]
    libc: [glibc]

  '@rolldown/binding-linux-x64-gnu@1.2.4':
    resolution: {integrity: sha512-4/GyVjmhR+Tc6HLJvwc1sOhPqAZtySiSMesOZyX6JQ5XBxoTDEMKQzvo07NIK6nTon/SivlZqvhzvuVBNQhObQ==}
    engines: {node: ^20.19.0 || >=22.12.0}
    cpu: [x64]
    os: [linux]
    libc: [glibc]

  '@rolldown/binding-linux-x64-musl@1.2.4':
    resolution: {integrity: sha512-l9eeLsCNvPpmSXUej0etw/J1eqV0Jj1D5G/xG6YTijmE6dkv6E2QezgWbTfQk63v952DPqrjOCoiqxq7Bw0YUQ==}
    engines: {node: ^20.19.0 || >=22.12.0}
    cpu: [x64]
    os: [linux]
    libc: [musl]

  '@rolldown/binding-openharmony-arm64@1.2.4':
    resolution: {integrity: sha512-e0F355MSTMm3+UOqtV3L24gFUp2N5m1f8L/7d56deik6va+AXdrt9F8LbzGpeWGWRbZEDq4m8NVnJDeBtf9DZg==}
    engines: {node: ^20.19.0 || >=22.12.0}
    cpu: [arm64]
    os: [openharmony]

  '@rolldown/binding-win32-arm64-msvc@1.2.4':
    resolution: {integrity: sha512-AWLi0uBRYh6QlE7OKhiz+phZC0qwtij2QZmhmOdsLdFn64m7oMpooE9ICE3lhm9xMb4SpDo2WbHcxX1iFLFtqw==}
    engines: {node: ^20.19.0 || >=22.12.0}
    cpu: [arm64]
    os: [win32]

  '@rolldown/binding-win32-x64-msvc@1.2.4':
    resolution: {integrity: sha512-UwSDJOg3dqCAejWdxclJjCsh3Qq4vLYMDxmyHqo1btz3stK2VqgwNd3mm5tuIwzSlGIQ/1H9Hr+Zn09mrezNqQ==}
    engines: {node: ^20.19.0 || >=22.12.0}
    cpu: [x64]
    os: [win32]

  '@rolldown/pluginutils@1.0.1':
    resolution: {integrity: sha512-2j9bGt5Jh8hj+vPtgzPtl72j0yRxHAyumoo6TNfAjsLB04UtpSvPbPcDcBMxz7n+9CYB0c1GxQFxYRg2jimqGw==}

  '@yuku-codegen/binding-android-arm64@0.8.7':
    resolution: {integrity: sha512-C/0zV5IhgVdYhGJTwrY0v8dknxlhiKwtVJkMUaexu9/QvRmzlV4vfU3hZlUSgqc2BxQHntL1mCVbDq8j0FRFDw==}
    cpu: [arm64]
    os: [android]

  '@yuku-codegen/binding-darwin-arm64@0.8.7':
    resolution: {integrity: sha512-/u+REDMI4a0/lsJXTM4c53/w31OGZLOReZIyg62uhgLs0kc8NHsj/nOcxTdlQjq5gi0zhdkccD9LaLTXcdzPvw==}
    cpu: [arm64]
    os: [darwin]

  '@yuku-codegen/binding-darwin-x64@0.8.7':
    resolution: {integrity: sha512-sMMzFOwCo4WXR+/6zIBThOocSC50iIIZZdfiIDbaLvj0Ax/rWt/iavyfEAqajyvzydLyCqR/ZItdLWSRlu1umw==}
    cpu: [x64]
    os: [darwin]

  '@yuku-codegen/binding-freebsd-x64@0.8.7':
    resolution: {integrity: sha512-MpdpKXix9P+Y1rKgjvcNeNtGjXeL1CmttNhYINrWls8kRpm4xM/oBGTmn6w7to8lAlwj5jm8q03dQPl5mRv4Qw==}
    cpu: [x64]
    os: [freebsd]

  '@yuku-codegen/binding-linux-arm-gnu@0.8.7':
    resolution: {integrity: sha512-rr1srFLlPAmC1vtxfc9C1YLDe3iH09YjfSeeIidBqKhzx1MATjOAq4mjlRUOnhr/L27MotWIYOFKwVsd5JZFOg==}
    cpu: [arm]
    os: [linux]
    libc: [glibc]

  '@yuku-codegen/binding-linux-arm-musl@0.8.7':
    resolution: {integrity: sha512-eAufXh8qBRpiSO6ueaMDL+yyoXIGLhpUce72YbcACtZU2qhExwBIJyEtQf5kH2Ki0X2aqkSjSfog4OPtKXan3Q==}
    cpu: [arm]
    os: [linux]
    libc: [musl]

  '@yuku-codegen/binding-linux-arm64-gnu@0.8.7':
    resolution: {integrity: sha512-gw4w6wPoHObBrdIC4duVWLmJOvpdE25j5D7yrM5mACNlK4klRz/lv8hK+ssQk9EJHBgZjSaqZIJVFgqNYbfv7A==}
    cpu: [arm64]
    os: [linux]
    libc: [glibc]

  '@yuku-codegen/binding-linux-arm64-musl@0.8.7':
    resolution: {integrity: sha512-L68N6Y4XkqcIaKo3Ra88JEvBEH4AHff44A4INcrxeVWZ8CZtu2tCpfVxe3hR8qQQMcvBSQlDn24KpkCKEhVvfA==}
    cpu: [arm64]
    os: [linux]
    libc: [musl]

  '@yuku-codegen/binding-linux-x64-gnu@0.8.7':
    resolution: {integrity: sha512-dzyAbltJmf3Cqlb8HcFuYIf5Yn0fl1vTr3XJ9HiVNNvOlhqPSArOqtw9vI1p6/VTXTjrMLXlU+s+/kNHiIy/Cw==}
    cpu: [x64]
    os: [linux]
    libc: [glibc]

  '@yuku-codegen/binding-linux-x64-musl@0.8.7':
    resolution: {integrity: sha512-Otw4MH3404q0Bbvl+YTdW9aoUV5vXmUw8260bWvt1XlaoIX/ceSgI4ygheRDMfBPoHt6FDayQaO9OLVUZAgkFA==}
    cpu: [x64]
    os: [linux]
    libc: [musl]

  '@yuku-codegen/binding-win32-arm64@0.8.7':
    resolution: {integrity: sha512-qo/jyrzryiBuKEsFiuWaBCBe3tRMynQ0qFWFgOEjcCMQeZfBm+wKiVEUEFXXLc7bh8YezguAWp0Mtnhq4ARNyA==}
    cpu: [arm64]
    os: [win32]

  '@yuku-codegen/binding-win32-x64@0.8.7':
    resolution: {integrity: sha512-D5lDsVDx6m00E6bWySlWdH72Ca4TPSaphDqB6QjU6MpuNLIJqoGoatYyq2rOmBE8Zv/kunot/o58KGL03P3eiA==}
    cpu: [x64]
    os: [win32]

  '@yuku-parser/binding-android-arm64@0.8.7':
    resolution: {integrity: sha512-eGKYiUDX7Y0V7tDTmg+JTVnXnjMqfXXsorZ+EDf5kxwchQ3Or1HS14MzI2fw+jFhHR85fCWt+mtX33Yao73hIQ==}
    cpu: [arm64]
    os: [android]

  '@yuku-parser/binding-darwin-arm64@0.8.7':
    resolution: {integrity: sha512-Re0RHelKLnjEURulY2/KxW+Ngb8zuNA4BRZuMwgGQNzVumT6u4U2N2hc01oeYVNVof0i7GrXE4UCNBgbpRRnjQ==}
    cpu: [arm64]
    os: [darwin]

  '@yuku-parser/binding-darwin-x64@0.8.7':
    resolution: {integrity: sha512-Hn8DROtQkjlA1ACbPgj4a7eP9IuVOI504oiTwpkWPbpaDWD9KdmnVYCqW+1LfenNK/g7O9NhWGpXEdaCNX7lIA==}
    cpu: [x64]
    os: [darwin]

  '@yuku-parser/binding-freebsd-x64@0.8.7':
    resolution: {integrity: sha512-bAP2OV8wRuzplX/jYxv9+vvqQT8JxyNphI8fLfXGL054Xs+4/J5u33cIm3y4rxY8rdoLmmdiJs2Tq7r7lrDRfA==}
    cpu: [x64]
    os: [freebsd]

  '@yuku-parser/binding-linux-arm-gnu@0.8.7':
    resolution: {integrity: sha512-kTYwJQQgmZeAWdDIWabiReIZMpmfLueIj1tCmjStUtFGhR1Z0qwxonKVfUC4N7h/VhGGzLZ//7O1kgt1QKqgCg==}
    cpu: [arm]
    os: [linux]
    libc: [glibc]

  '@yuku-parser/binding-linux-arm-musl@0.8.7':
    resolution: {integrity: sha512-uL4jE8HPT2BLlxAXyD10LqgPuXa9eDa0BKpCdSANmzIJghq/2eZo3/gQNtaxPZMupWoxjYzSad9IXrwu7aYPXQ==}
    cpu: [arm]
    os: [linux]
    libc: [musl]

  '@yuku-parser/binding-linux-arm64-gnu@0.8.7':
    resolution: {integrity: sha512-3gVN4pWSKZmXiNX7cU164dR9MPvesCHnlH6nPfpK+yQsCuYphjKKplcb4SnZBrhiqmXbgb2HR0c2TS0IZUPhgA==}
    cpu: [arm64]
    os: [linux]
    libc: [glibc]

  '@yuku-parser/binding-linux-arm64-musl@0.8.7':
    resolution: {integrity: sha512-S0mwfEjoLpxzXeZw802Wa4RaELsQiPtWqG6INcy8j4GtvNFtl4LCX3eGO1XLn9pyLAISLzTRyU3zUCBUPin8lg==}
    cpu: [arm64]
    os: [linux]
    libc: [musl]

  '@yuku-parser/binding-linux-x64-gnu@0.8.7':
    resolution: {integrity: sha512-lnbWdPmerE5D1uH1G4IEZKnPzCrWCStRGrtgpSIe1RibAo5bZIjDbbbPYXmMHCEh4F+x/JaJpElh26a3r+BPbg==}
    cpu: [x64]
    os: [linux]
    libc: [glibc]

  '@yuku-parser/binding-linux-x64-musl@0.8.7':
    resolution: {integrity: sha512-769uwndMvMzUvATWbAcEvyLHKA+DzhHSCl/obBUrRdYfRo26yxui6S8y3z7uJ+Naup7UKrDxrpK7OnQkxkl9KQ==}
    cpu: [x64]
    os: [linux]
    libc: [musl]

  '@yuku-parser/binding-win32-arm64@0.8.7':
    resolution: {integrity: sha512-mEB/9PlaAkisJ6KWGz0zvywXoU6+80dTlR2LwS7s/jcXXoU6fm2+sitBZXtqu3+Q4DcDgPxM45uWMCzPs0TSRw==}
    cpu: [arm64]
    os: [win32]

  '@yuku-parser/binding-win32-x64@0.8.7':
    resolution: {integrity: sha512-8vNB2DP0ou61nGb8tc/qfi41gfyDXz1MHr2zqL3nR+cJ6CEbiuWV/l/a/vv151gCgiZLLAyGkQGENpozdg716w==}
    cpu: [x64]
    os: [win32]

  '@yuku-toolchain/types@0.8.7':
    resolution: {integrity: sha512-2Z53dNxAJL6UvFoIrDZvYf3zlO8s4VJK4O2hhaB4mXVwwpX/7ajtss3cmfqKvamlNLWyt9FSWs4eoYdlbxpnHA==}

  crelt@1.0.7:
    resolution: {integrity: sha512-aK6BbWfhf4U/wCcLHKPJl/xa6VkVstRaPywWtMKGwuOLc/wZTyQYuoxgvZnNsBvv7Kg3YTBQYYBCggcviQczuA==}

  dts-resolver@3.0.0:
    resolution: {integrity: sha512-1T1f+z+4tl9XD+m+0HBgWoL/nm0bOIffyWaUuUSBlFg/86IWvfx+wjNaO/ybU0AJzG9/Mi5hBUgGV6zCmWEN7Q==}
    engines: {node: ^22.18.0 || >=24.0.0}
    peerDependencies:
      oxc-resolver: '>=11.0.0'
    peerDependenciesMeta:
      oxc-resolver:
        optional: true

  get-tsconfig@5.0.0-beta.5:
    resolution: {integrity: sha512-/6gFNr0N04nob252sTQxyFLi3eKFRqIg1I87YcqAMT1i6SQrSF6KujUEQrtrjMV0H/eejTCltLdDSTEMzHbnsQ==}
    engines: {node: '>=20.20.0'}

  obug@2.1.4:
    resolution: {integrity: sha512-4a+OsYv9UktOJKE+l1A4OufDgdRF9PifWj+tJnHURo/P+WOxpG4GzUFL9qCalmWauao6ogiG+QvnCovwPoyAWA==}
    engines: {node: '>=12.20.0'}

  resolve-pkg-maps@1.0.0:
    resolution: {integrity: sha512-seS2Tj26TBVOC2NIc2rOe2y2ZO7efxITtLZcGSOnHHNOQ7CkiUBfw0Iw2ck6xkIhPwLhKNLS8BO+hEpngQlqzw==}

  rolldown-plugin-dts@0.28.2:
    resolution: {integrity: sha512-U0Ng45ZaESZ7rJtQtgCWkJYCpMgH42yIj3xv9HGAsh/dJ8XBhjI4lcqh4NOWx8+CAxoY2HWg8VYINML2yE9A5A==}
    engines: {node: ^22.18.0 || ^24.11.0 || >=26.0.0}
    peerDependencies:
      '@typescript/native-preview': '*'
      '@volar/typescript': ~2.4.0
      rolldown: ^1.2.0
      typescript: ^5.0.0 || ^6.0.0 || ~7.0.0
      vue-tsc: ~3.2.0 || ~3.3.0
    peerDependenciesMeta:
      '@typescript/native-preview':
        optional: true
      '@volar/typescript':
        optional: true
      typescript:
        optional: true
      vue-tsc:
        optional: true

  rolldown@1.2.4:
    resolution: {integrity: sha512-rSr7irW0K7QRWzjdJXqZowkcRdDtjRduh43rBltnVKd0VFq839l1lJoDvGJb6gl7+4rTTCrPWu+YfujUL8Ug7w==}
    engines: {node: ^20.19.0 || >=22.12.0}
    hasBin: true

  style-mod@4.1.3:
    resolution: {integrity: sha512-i/n8VsZydrugj3Iuzll8+x/00GH2vnYsk1eomD8QiRrSAeW6ItbCQDtfXCeJHd0iwiNagqjQkvpvREEPtW3IoQ==}

  typescript@5.9.3:
    resolution: {integrity: sha512-jl1vZzPDinLr9eUt3J/t7V6FgNEw9QjvBPdysz9KfQDD41fQrC2Y4vKQdiaUpFT4bXlb1RHhLpp8wtm6M5TgSw==}
    engines: {node: '>=14.17'}
    hasBin: true

  w3c-keyname@2.2.8:
    resolution: {integrity: sha512-dpojBhNsCNN7T82Tm7k26A6G9ML3NkhDsnw9n/eoxSRlVBB4CEtIQ/KTCLI2Fwf3ataSXRhYFkQi3SlnFwPvPQ==}

  yuku-ast@0.8.7:
    resolution: {integrity: sha512-h6+4bDfyootiMB9vckk5uKo5r5j0GHrkr17FQTDNfEsFT3DWlN9uu1HJwQwc64pgmLCI945fWM3lbTIqxjT3GQ==}

  yuku-codegen@0.8.7:
    resolution: {integrity: sha512-adwDZSh8oVDzhE6Du9PwVWxcOxeV0e2EVhUuMKWfhSY4wkrDq9eqixlxFF3l/XGUV1E7UFzhpz9393MUumkyNw==}

  yuku-parser@0.8.7:
    resolution: {integrity: sha512-vRD9nwt4L3aYpxNqeSC4WqLv58xrXef0Ong1Mc45CTXTIpvLafx7JO05sczmQZwdLEZvywrLOGdNC5+Rp5N1BQ==}

snapshots:

  '@codemirror/language@6.12.4':
    dependencies:
      '@codemirror/state': 6.7.1
      '@codemirror/view': 6.43.9
      '@lezer/common': 1.5.2
      '@lezer/highlight': 1.2.3
      '@lezer/lr': 1.4.10
      style-mod: 4.1.3

  '@codemirror/state@6.7.1':
    dependencies:
      '@marijn/find-cluster-break': 1.0.3

  '@codemirror/view@6.43.9':
    dependencies:
      '@codemirror/state': 6.7.1
      crelt: 1.0.7
      style-mod: 4.1.3
      w3c-keyname: 2.2.8

  '@lezer/common@1.5.2': {}

  '@lezer/highlight@1.2.3':
    dependencies:
      '@lezer/common': 1.5.2

  '@lezer/lr@1.4.10':
    dependencies:
      '@lezer/common': 1.5.2

  '@marijn/find-cluster-break@1.0.3': {}

  '@oxc-project/types@0.144.0': {}

  '@rolldown/binding-android-arm64@1.2.4':
    optional: true

  '@rolldown/binding-darwin-arm64@1.2.4':
    optional: true

  '@rolldown/binding-darwin-x64@1.2.4':
    optional: true

  '@rolldown/binding-freebsd-x64@1.2.4':
    optional: true

  '@rolldown/binding-linux-arm-gnueabihf@1.2.4':
    optional: true

  '@rolldown/binding-linux-arm64-gnu@1.2.4':
    optional: true

  '@rolldown/binding-linux-arm64-musl@1.2.4':
    optional: true

  '@rolldown/binding-linux-ppc64-gnu@1.2.4':
    optional: true

  '@rolldown/binding-linux-s390x-gnu@1.2.4':
    optional: true

  '@rolldown/binding-linux-x64-gnu@1.2.4':
    optional: true

  '@rolldown/binding-linux-x64-musl@1.2.4':
    optional: true

  '@rolldown/binding-openharmony-arm64@1.2.4':
    optional: true

  '@rolldown/binding-win32-arm64-msvc@1.2.4':
    optional: true

  '@rolldown/binding-win32-x64-msvc@1.2.4':
    optional: true

  '@rolldown/pluginutils@1.0.1': {}

  '@yuku-codegen/binding-android-arm64@0.8.7':
    optional: true

  '@yuku-codegen/binding-darwin-arm64@0.8.7':
    optional: true

  '@yuku-codegen/binding-darwin-x64@0.8.7':
    optional: true

  '@yuku-codegen/binding-freebsd-x64@0.8.7':
    optional: true

  '@yuku-codegen/binding-linux-arm-gnu@0.8.7':
    optional: true

  '@yuku-codegen/binding-linux-arm-musl@0.8.7':
    optional: true

  '@yuku-codegen/binding-linux-arm64-gnu@0.8.7':
    optional: true

  '@yuku-codegen/binding-linux-arm64-musl@0.8.7':
    optional: true

  '@yuku-codegen/binding-linux-x64-gnu@0.8.7':
    optional: true

  '@yuku-codegen/binding-linux-x64-musl@0.8.7':
    optional: true

  '@yuku-codegen/binding-win32-arm64@0.8.7':
    optional: true

  '@yuku-codegen/binding-win32-x64@0.8.7':
    optional: true

  '@yuku-parser/binding-android-arm64@0.8.7':
    optional: true

  '@yuku-parser/binding-darwin-arm64@0.8.7':
    optional: true

  '@yuku-parser/binding-darwin-x64@0.8.7':
    optional: true

  '@yuku-parser/binding-freebsd-x64@0.8.7':
    optional: true

  '@yuku-parser/binding-linux-arm-gnu@0.8.7':
    optional: true

  '@yuku-parser/binding-linux-arm-musl@0.8.7':
    optional: true

  '@yuku-parser/binding-linux-arm64-gnu@0.8.7':
    optional: true

  '@yuku-parser/binding-linux-arm64-musl@0.8.7':
    optional: true

  '@yuku-parser/binding-linux-x64-gnu@0.8.7':
    optional: true

  '@yuku-parser/binding-linux-x64-musl@0.8.7':
    optional: true

  '@yuku-parser/binding-win32-arm64@0.8.7':
    optional: true

  '@yuku-parser/binding-win32-x64@0.8.7':
    optional: true

  '@yuku-toolchain/types@0.8.7': {}

  crelt@1.0.7: {}

  dts-resolver@3.0.0: {}

  get-tsconfig@5.0.0-beta.5:
    dependencies:
      resolve-pkg-maps: 1.0.0

  obug@2.1.4: {}

  resolve-pkg-maps@1.0.0: {}

  rolldown-plugin-dts@0.28.2(rolldown@1.2.4)(typescript@5.9.3):
    dependencies:
      dts-resolver: 3.0.0
      get-tsconfig: 5.0.0-beta.5
      obug: 2.1.4
      rolldown: 1.2.4
      yuku-ast: 0.8.7
      yuku-codegen: 0.8.7
      yuku-parser: 0.8.7
    optionalDependencies:
      typescript: 5.9.3
    transitivePeerDependencies:
      - oxc-resolver

  rolldown@1.2.4:
    dependencies:
      '@oxc-project/types': 0.144.0
      '@rolldown/pluginutils': 1.0.1
    optionalDependencies:
      '@rolldown/binding-android-arm64': 1.2.4
      '@rolldown/binding-darwin-arm64': 1.2.4
      '@rolldown/binding-darwin-x64': 1.2.4
      '@rolldown/binding-freebsd-x64': 1.2.4
      '@rolldown/binding-linux-arm-gnueabihf': 1.2.4
      '@rolldown/binding-linux-arm64-gnu': 1.2.4
      '@rolldown/binding-linux-arm64-musl': 1.2.4
      '@rolldown/binding-linux-ppc64-gnu': 1.2.4
      '@rolldown/binding-linux-s390x-gnu': 1.2.4
      '@rolldown/binding-linux-x64-gnu': 1.2.4
      '@rolldown/binding-linux-x64-musl': 1.2.4
      '@rolldown/binding-openharmony-arm64': 1.2.4
      '@rolldown/binding-win32-arm64-msvc': 1.2.4
      '@rolldown/binding-win32-x64-msvc': 1.2.4

  style-mod@4.1.3: {}

  typescript@5.9.3: {}

  w3c-keyname@2.2.8: {}

  yuku-ast@0.8.7:
    dependencies:
      '@yuku-toolchain/types': 0.8.7

  yuku-codegen@0.8.7:
    dependencies:
      '@yuku-toolchain/types': 0.8.7
    optionalDependencies:
      '@yuku-codegen/binding-android-arm64': 0.8.7
      '@yuku-codegen/binding-darwin-arm64': 0.8.7
      '@yuku-codegen/binding-darwin-x64': 0.8.7
      '@yuku-codegen/binding-freebsd-x64': 0.8.7
      '@yuku-codegen/binding-linux-arm-gnu': 0.8.7
      '@yuku-codegen/binding-linux-arm-musl': 0.8.7
      '@yuku-codegen/binding-linux-arm64-gnu': 0.8.7
      '@yuku-codegen/binding-linux-arm64-musl': 0.8.7
      '@yuku-codegen/binding-linux-x64-gnu': 0.8.7
      '@yuku-codegen/binding-linux-x64-musl': 0.8.7
      '@yuku-codegen/binding-win32-arm64': 0.8.7
      '@yuku-codegen/binding-win32-x64': 0.8.7

  yuku-parser@0.8.7:
    dependencies:
      '@yuku-toolchain/types': 0.8.7
      yuku-ast: 0.8.7
    optionalDependencies:
      '@yuku-parser/binding-android-arm64': 0.8.7
      '@yuku-parser/binding-darwin-arm64': 0.8.7
      '@yuku-parser/binding-darwin-x64': 0.8.7
      '@yuku-parser/binding-freebsd-x64': 0.8.7
      '@yuku-parser/binding-linux-arm-gnu': 0.8.7
      '@yuku-parser/binding-linux-arm-musl': 0.8.7
      '@yuku-parser/binding-linux-arm64-gnu': 0.8.7
      '@yuku-parser/binding-linux-arm64-musl': 0.8.7
      '@yuku-parser/binding-linux-x64-gnu': 0.8.7
      '@yuku-parser/binding-linux-x64-musl': 0.8.7
      '@yuku-parser/binding-win32-arm64': 0.8.7
      '@yuku-parser/binding-win32-x64': 0.8.7
